
Microsoft Visual Studio Solution File, Format Version 12.00
# Visual Studio Version 16
VisualStudioVersion = 16.0.33529.622
MinimumVisualStudioVersion = 10.0.40219.1
Project("{FAE04EC0-301F-11D3-BF4B-00C04F79EFBC}") = "webCENDI", "webCENDI\webCENDI.csproj", "{8D451968-159C-492B-93EF-11A5238A2A52}"
EndProject
Global
	GlobalSection(SolutionConfigurationPlatforms) = preSolution
		Debug|Any CPU = Debug|Any CPU
		Release|Any CPU = Release|Any CPU
	EndGlobalSection
	GlobalSection(ProjectConfigurationPlatforms) = postSolution
		{8D451968-159C-492B-93EF-11A5238A2A52}.Debug|Any CPU.ActiveCfg = Debug|Any CPU
		{8D451968-159C-492B-93EF-11A5238A2A52}.Debug|Any CPU.Build.0 = Debug|Any CPU
		{8D451968-159C-492B-93EF-11A5238A2A52}.Release|Any CPU.ActiveCfg = Release|Any CPU
		{8D451968-159C-492B-93EF-11A5238A2A52}.Release|Any CPU.Build.0 = Release|Any CPU
	EndGlobalSection
	GlobalSection(SolutionProperties) = preSolution
		HideSolutionNode = FALSE
	EndGlobalSection
	GlobalSection(ExtensibilityGlobals) = postSolution
		SolutionGuid = {29DBE778-E440-4DE5-886C-00C42981D796}
	EndGlobalSection
EndGlobal
